// !$*UTF8*$!
{
	archiveVersion = 1;
	classes = {
	};
	objectVersion = 50;
	objects = {

/* Begin PBXBuildFile section */
		7100B3F921756F8F0058BE0F /* editItemTableViewCell.swift in Sources */ = {isa = PBXBuildFile; fileRef = 7100B3F721756F8F0058BE0F /* editItemTableViewCell.swift */; };
		7100B3FA21756F8F0058BE0F /* editItemTableViewCell.xib in Resources */ = {isa = PBXBuildFile; fileRef = 7100B3F821756F8F0058BE0F /* editItemTableViewCell.xib */; };
		7100B3FD21756FA80058BE0F /* editAddTableViewCell.swift in Sources */ = {isa = PBXBuildFile; fileRef = 7100B3FB21756FA80058BE0F /* editAddTableViewCell.swift */; };
		7100B3FE21756FA80058BE0F /* editAddTableViewCell.xib in Resources */ = {isa = PBXBuildFile; fileRef = 7100B3FC21756FA80058BE0F /* editAddTableViewCell.xib */; };
		7100B401217579EB0058BE0F /* mainItemTableViewCell.swift in Sources */ = {isa = PBXBuildFile; fileRef = 7100B3FF217579EB0058BE0F /* mainItemTableViewCell.swift */; };
		7100B402217579EB0058BE0F /* mainItemTableViewCell.xib in Resources */ = {isa = PBXBuildFile; fileRef = 7100B400217579EB0058BE0F /* mainItemTableViewCell.xib */; };
		7100B40521757AB90058BE0F /* listTitleTableViewCell.swift in Sources */ = {isa = PBXBuildFile; fileRef = 7100B40321757AB90058BE0F /* listTitleTableViewCell.swift */; };
		7100B40621757AB90058BE0F /* listTitleTableViewCell.xib in Resources */ = {isa = PBXBuildFile; fileRef = 7100B40421757AB90058BE0F /* listTitleTableViewCell.xib */; };
		7131114D2174759700F58BF7 /* AppDelegate.swift in Sources */ = {isa = PBXBuildFile; fileRef = 7131114C2174759700F58BF7 /* AppDelegate.swift */; };
		7131114F2174759700F58BF7 /* ViewController.swift in Sources */ = {isa = PBXBuildFile; fileRef = 7131114E2174759700F58BF7 /* ViewController.swift */; };
		713111522174759700F58BF7 /* Main.storyboard in Resources */ = {isa = PBXBuildFile; fileRef = 713111502174759700F58BF7 /* Main.storyboard */; };
		713111542174759E00F58BF7 /* Assets.xcassets in Resources */ = {isa = PBXBuildFile; fileRef = 713111532174759E00F58BF7 /* Assets.xcassets */; };
		713111572174759E00F58BF7 /* LaunchScreen.storyboard in Resources */ = {isa = PBXBuildFile; fileRef = 713111552174759E00F58BF7 /* LaunchScreen.storyboard */; };
		7131115F2174823700F58BF7 /* EditViewController.swift in Sources */ = {isa = PBXBuildFile; fileRef = 7131115E2174823700F58BF7 /* EditViewController.swift */; };
		713111612174824900F58BF7 /* ListViewController.swift in Sources */ = {isa = PBXBuildFile; fileRef = 713111602174824900F58BF7 /* ListViewController.swift */; };
/* End PBXBuildFile section */

/* Begin PBXFileReference section */
		7100B3F721756F8F0058BE0F /* editItemTableViewCell.swift */ = {isa = PBXFileReference; lastKnownFileType = sourcecode.swift; path = editItemTableViewCell.swift; sourceTree = "<group>"; };
		7100B3F821756F8F0058BE0F /* editItemTableViewCell.xib */ = {isa = PBXFileReference; lastKnownFileType = file.xib; path = editItemTableViewCell.xib; sourceTree = "<group>"; };
		7100B3FB21756FA80058BE0F /* editAddTableViewCell.swift */ = {isa = PBXFileReference; lastKnownFileType = sourcecode.swift; path = editAddTableViewCell.swift; sourceTree = "<group>"; };
		7100B3FC21756FA80058BE0F /* editAddTableViewCell.xib */ = {isa = PBXFileReference; lastKnownFileType = file.xib; path = editAddTableViewCell.xib; sourceTree = "<group>"; };
		7100B3FF217579EB0058BE0F /* mainItemTableViewCell.swift */ = {isa = PBXFileReference; lastKnownFileType = sourcecode.swift; path = mainItemTableViewCell.swift; sourceTree = "<group>"; };
		7100B400217579EB0058BE0F /* mainItemTableViewCell.xib */ = {isa = PBXFileReference; lastKnownFileType = file.xib; path = mainItemTableViewCell.xib; sourceTree = "<group>"; };
		7100B40321757AB90058BE0F /* listTitleTableViewCell.swift */ = {isa = PBXFileReference; lastKnownFileType = sourcecode.swift; path = listTitleTableViewCell.swift; sourceTree = "<group>"; };
		7100B40421757AB90058BE0F /* listTitleTableViewCell.xib */ = {isa = PBXFileReference; lastKnownFileType = file.xib; path = listTitleTableViewCell.xib; sourceTree = "<group>"; };
		713111492174759700F58BF7 /* RandomLunch2.app */ = {isa = PBXFileReference; explicitFileType = wrapper.application; includeInIndex = 0; path = RandomLunch2.app; sourceTree = BUILT_PRODUCTS_DIR; };
		7131114C2174759700F58BF7 /* AppDelegate.swift */ = {isa = PBXFileReference; lastKnownFileType = sourcecode.swift; path = AppDelegate.swift; sourceTree = "<group>"; };
		7131114E2174759700F58BF7 /* ViewController.swift */ = {isa = PBXFileReference; lastKnownFileType = sourcecode.swift; path = ViewController.swift; sourceTree = "<group>"; };
		713111512174759700F58BF7 /* Base */ = {isa = PBXFileReference; lastKnownFileType = file.storyboard; name = Base; path = Base.lproj/Main.storyboard; sourceTree = "<group>"; };
		713111532174759E00F58BF7 /* Assets.xcassets */ = {isa = PBXFileReference; lastKnownFileType = folder.assetcatalog; path = Assets.xcassets; sourceTree = "<group>"; };
		713111562174759E00F58BF7 /* Base */ = {isa = PBXFileReference; lastKnownFileType = file.storyboard; name = Base; path = Base.lproj/LaunchScreen.storyboard; sourceTree = "<group>"; };
		713111582174759E00F58BF7 /* Info.plist */ = {isa = PBXFileReference; lastKnownFileType = text.plist.xml; path = Info.plist; sourceTree = "<group>"; };
		7131115E2174823700F58BF7 /* EditViewController.swift */ = {isa = PBXFileReference; lastKnownFileType = sourcecode.swift; path = EditViewController.swift; sourceTree = "<group>"; };
		713111602174824900F58BF7 /* ListViewController.swift */ = {isa = PBXFileReference; lastKnownFileType = sourcecode.swift; path = ListViewController.swift; sourceTree = "<group>"; };
/* End PBXFileReference section */

/* Begin PBXFrameworksBuildPhase section */
		713111462174759700F58BF7 /* Frameworks */ = {
			isa = PBXFrameworksBuildPhase;
			buildActionMask = 2147483647;
			files = (
			);
			runOnlyForDeploymentPostprocessing = 0;
		};
/* End PBXFrameworksBuildPhase section */

/* Begin PBXGroup section */
		713111402174759600F58BF7 = {
			isa = PBXGroup;
			children = (
				7131114B2174759700F58BF7 /* RandomLunch2 */,
				7131114A2174759700F58BF7 /* Products */,
			);
			sourceTree = "<group>";
		};
		7131114A2174759700F58BF7 /* Products */ = {
			isa = PBXGroup;
			children = (
				713111492174759700F58BF7 /* RandomLunch2.app */,
			);
			name = Products;
			sourceTree = "<group>";
		};
		7131114B2174759700F58BF7 /* RandomLunch2 */ = {
			isa = PBXGroup;
			children = (
				7131114C2174759700F58BF7 /* AppDelegate.swift */,
				713111502174759700F58BF7 /* Main.storyboard */,
				7131114E2174759700F58BF7 /* ViewController.swift */,
				7100B3FF217579EB0058BE0F /* mainItemTableViewCell.swift */,
				7100B400217579EB0058BE0F /* mainItemTableViewCell.xib */,
				7131115E2174823700F58BF7 /* EditViewController.swift */,
				7100B3FB21756FA80058BE0F /* editAddTableViewCell.swift */,
				7100B3FC21756FA80058BE0F /* editAddTableViewCell.xib */,
				7100B3F721756F8F0058BE0F /* editItemTableViewCell.swift */,
				7100B3F821756F8F0058BE0F /* editItemTableViewCell.xib */,
				713111602174824900F58BF7 /* ListViewController.swift */,
				7100B40321757AB90058BE0F /* listTitleTableViewCell.swift */,
				7100B40421757AB90058BE0F /* listTitleTableViewCell.xib */,
				713111532174759E00F58BF7 /* Assets.xcassets */,
				713111552174759E00F58BF7 /* LaunchScreen.storyboard */,
				713111582174759E00F58BF7 /* Info.plist */,
			);
			path = RandomLunch2;
			sourceTree = "<group>";
		};
/* End PBXGroup section */

/* Begin PBXNativeTarget section */
		713111482174759700F58BF7 /* RandomLunch2 */ = {
			isa = PBXNativeTarget;
			buildConfigurationList = 7131115B2174759E00F58BF7 /* Build configuration list for PBXNativeTarget "RandomLunch2" */;
			buildPhases = (
				713111452174759700F58BF7 /* Sources */,
				713111462174759700F58BF7 /* Frameworks */,
				713111472174759700F58BF7 /* Resources */,
			);
			buildRules = (
			);
			dependencies = (
			);
			name = RandomLunch2;
			productName = RandomLunch2;
			productReference = 713111492174759700F58BF7 /* RandomLunch2.app */;
			productType = "com.apple.product-type.application";
		};
/* End PBXNativeTarget section */

/* Begin PBXProject section */
		713111412174759600F58BF7 /* Project object */ = {
			isa = PBXProject;
			attributes = {
				LastSwiftUpdateCheck = 1000;
				LastUpgradeCheck = 1000;
				ORGANIZATIONNAME = ain13ikon;
				TargetAttributes = {
					713111482174759700F58BF7 = {
						CreatedOnToolsVersion = 10.0;
					};
				};
			};
			buildConfigurationList = 713111442174759600F58BF7 /* Build configuration list for PBXProject "RandomLunch2" */;
			compatibilityVersion = "Xcode 9.3";
			developmentRegion = en;
			hasScannedForEncodings = 0;
			knownRegions = (
				en,
				Base,
			);
			mainGroup = 713111402174759600F58BF7;
			productRefGroup = 7131114A2174759700F58BF7 /* Products */;
			projectDirPath = "";
			projectRoot = "";
			targets = (
				713111482174759700F58BF7 /* RandomLunch2 */,
			);
		};
/* End PBXProject section */

/* Begin PBXResourcesBuildPhase section */
		713111472174759700F58BF7 /* Resources */ = {
			isa = PBXResourcesBuildPhase;
			buildActionMask = 2147483647;
			files = (
				713111572174759E00F58BF7 /* LaunchScreen.storyboard in Resources */,
				7100B40621757AB90058BE0F /* listTitleTableViewCell.xib in Resources */,
				713111542174759E00F58BF7 /* Assets.xcassets in Resources */,
				7100B3FA21756F8F0058BE0F /* editItemTableViewCell.xib in Resources */,
				7100B402217579EB0058BE0F /* mainItemTableViewCell.xib in Resources */,
				713111522174759700F58BF7 /* Main.storyboard in Resources */,
				7100B3FE21756FA80058BE0F /* editAddTableViewCell.xib in Resources */,
			);
			runOnlyForDeploymentPostprocessing = 0;
		};
/* End PBXResourcesBuildPhase section */

/* Begin PBXSourcesBuildPhase section */
		713111452174759700F58BF7 /* Sources */ = {
			isa = PBXSourcesBuildPhase;
			buildActionMask = 2147483647;
			files = (
				7100B40521757AB90058BE0F /* listTitleTableViewCell.swift in Sources */,
				7131114F2174759700F58BF7 /* ViewController.swift in Sources */,
				7100B401217579EB0058BE0F /* mainItemTableViewCell.swift in Sources */,
				7100B3F921756F8F0058BE0F /* editItemTableViewCell.swift in Sources */,
				7131114D2174759700F58BF7 /* AppDelegate.swift in Sources */,
				7100B3FD21756FA80058BE0F /* editAddTableViewCell.swift in Sources */,
				713111612174824900F58BF7 /* ListViewController.swift in Sources */,
				7131115F2174823700F58BF7 /* EditViewController.swift in Sources */,
			);
			runOnlyForDeploymentPostprocessing = 0;
		};
/* End PBXSourcesBuildPhase section */

/* Begin PBXVariantGroup section */
		713111502174759700F58BF7 /* Main.storyboard */ = {
			isa = PBXVariantGroup;
			children = (
				713111512174759700F58BF7 /* Base */,
			);
			name = Main.storyboard;
			sourceTree = "<group>";
		};
		713111552174759E00F58BF7 /* LaunchScreen.storyboard */ = {
			isa = PBXVariantGroup;
			children = (
				713111562174759E00F58BF7 /* Base */,
			);
			name = LaunchScreen.storyboard;
			sourceTree = "<group>";
		};
/* End PBXVariantGroup section */

/* Begin XCBuildConfiguration section */
		713111592174759E00F58BF7 /* Debug */ = {
			isa = XCBuildConfiguration;
			buildSettings = {
				ALWAYS_SEARCH_USER_PATHS = NO;
				CLANG_ANALYZER_NONNULL = YES;
				CLANG_ANALYZER_NUMBER_OBJECT_CONVERSION = YES_AGGRESSIVE;
				CLANG_CXX_LANGUAGE_STANDARD = "gnu++14";
				CLANG_CXX_LIBRARY = "libc++";
				CLANG_ENABLE_MODULES = YES;
				CLANG_ENABLE_OBJC_ARC = YES;
				CLANG_ENABLE_OBJC_WEAK = YES;
				CLANG_WARN_BLOCK_CAPTURE_AUTORELEASING = YES;
				CLANG_WARN_BOOL_CONVERSION = YES;
				CLANG_WARN_COMMA = YES;
				CLANG_WARN_CONSTANT_CONVERSION = YES;
				CLANG_WARN_DEPRECATED_OBJC_IMPLEMENTATIONS = YES;
				CLANG_WARN_DIRECT_OBJC_ISA_USAGE = YES_ERROR;
				CLANG_WARN_DOCUMENTATION_COMMENTS = YES;
				CLANG_WARN_EMPTY_BODY = YES;
				CLANG_WARN_ENUM_CONVERSION = YES;
				CLANG_WARN_INFINITE_RECURSION = YES;
				CLANG_WARN_INT_CONVERSION = YES;
				CLANG_WARN_NON_LITERAL_NULL_CONVERSION = YES;
				CLANG_WARN_OBJC_IMPLICIT_RETAIN_SELF = YES;
				CLANG_WARN_OBJC_LITERAL_CONVERSION = YES;
				CLANG_WARN_OBJC_ROOT_CLASS = YES_ERROR;
				CLANG_WARN_RANGE_LOOP_ANALYSIS = YES;
				CLANG_WARN_STRICT_PROTOTYPES = YES;
				CLANG_WARN_SUSPICIOUS_MOVE = YES;
				CLANG_WARN_UNGUARDED_AVAILABILITY = YES_AGGRESSIVE;
				CLANG_WARN_UNREACHABLE_CODE = YES;
				CLANG_WARN__DUPLICATE_METHOD_MATCH = YES;
				CODE_SIGN_IDENTITY = "iPhone Developer";
				COPY_PHASE_STRIP = NO;
				DEBUG_INFORMATION_FORMAT = dwarf;
				ENABLE_STRICT_OBJC_MSGSEND = YES;
				ENABLE_TESTABILITY = YES;
				GCC_C_LANGUAGE_STANDARD = gnu11;
				GCC_DYNAMIC_NO_PIC = NO;
				GCC_NO_COMMON_BLOCKS = YES;
				GCC_OPTIMIZATION_LEVEL = 0;
				GCC_PREPROCESSOR_DEFINITIONS = (
					"DEBUG=1",
					"$(inherited)",
				);
				GCC_WARN_64_TO_32_BIT_CONVERSION = YES;
				GCC_WARN_ABOUT_RETURN_TYPE = YES_ERROR;
				GCC_WARN_UNDECLARED_SELECTOR = YES;
				GCC_WARN_UNINITIALIZED_AUTOS = YES_AGGRESSIVE;
				GCC_WARN_UNUSED_FUNCTION = YES;
				GCC_WARN_UNUSED_VARIABLE = YES;
				IPHONEOS_DEPLOYMENT_TARGET = 12.0;
				MTL_ENABLE_DEBUG_INFO = INCLUDE_SOURCE;
				MTL_FAST_MATH = YES;
				ONLY_ACTIVE_ARCH = YES;
				SDKROOT = iphoneos;
				SWIFT_ACTIVE_COMPILATION_CONDITIONS = DEBUG;
				SWIFT_OPTIMIZATION_LEVEL = "-Onone";
			};
			name = Debug;
		};
		7131115A2174759E00F58BF7 /* Release */ = {
			isa = XCBuildConfiguration;
			buildSettings = {
				ALWAYS_SEARCH_USER_PATHS = NO;
				CLANG_ANALYZER_NONNULL = YES;
				CLANG_ANALYZER_NUMBER_OBJECT_CONVERSION = YES_AGGRESSIVE;
				CLANG_CXX_LANGUAGE_STANDARD = "gnu++14";
				CLANG_CXX_LIBRARY = "libc++";
				CLANG_ENABLE_MODULES = YES;
				CLANG_ENABLE_OBJC_ARC = YES;
				CLANG_ENABLE_OBJC_WEAK = YES;
				CLANG_WARN_BLOCK_CAPTURE_AUTORELEASING = YES;
				CLANG_WARN_BOOL_CONVERSION = YES;
				CLANG_WARN_COMMA = YES;
				CLANG_WARN_CONSTANT_CONVERSION = YES;
				CLANG_WARN_DEPRECATED_OBJC_IMPLEMENTATIONS = YES;
				CLANG_WARN_DIRECT_OBJC_ISA_USAGE = YES_ERROR;
				CLANG_WARN_DOCUMENTATION_COMMENTS = YES;
				CLANG_WARN_EMPTY_BODY = YES;
				CLANG_WARN_ENUM_CONVERSION = YES;
				CLANG_WARN_INFINITE_RECURSION = YES;
				CLANG_WARN_INT_CONVERSION = YES;
				CLANG_WARN_NON_LITERAL_NULL_CONVERSION = YES;
				CLANG_WARN_OBJC_IMPLICIT_RETAIN_SELF = YES;
				CLANG_WARN_OBJC_LITERAL_CONVERSION = YES;
				CLANG_WARN_OBJC_ROOT_CLASS = YES_ERROR;
				CLANG_WARN_RANGE_LOOP_ANALYSIS = YES;
				CLANG_WARN_STRICT_PROTOTYPES = YES;
				CLANG_WARN_SUSPICIOUS_MOVE = YES;
				CLANG_WARN_UNGUARDED_AVAILABILITY = YES_AGGRESSIVE;
				CLANG_WARN_UNREACHABLE_CODE = YES;
				CLANG_WARN__DUPLICATE_METHOD_MATCH = YES;
				CODE_SIGN_IDENTITY = "iPhone Developer";
				COPY_PHASE_STRIP = NO;
				DEBUG_INFORMATION_FORMAT = "dwarf-with-dsym";
				ENABLE_NS_ASSERTIONS = NO;
				ENABLE_STRICT_OBJC_MSGSEND = YES;
				GCC_C_LANGUAGE_STANDARD = gnu11;
				GCC_NO_COMMON_BLOCKS = YES;
				GCC_WARN_64_TO_32_BIT_CONVERSION = YES;
				GCC_WARN_ABOUT_RETURN_TYPE = YES_ERROR;
				GCC_WARN_UNDECLARED_SELECTOR = YES;
				GCC_WARN_UNINITIALIZED_AUTOS = YES_AGGRESSIVE;
				GCC_WARN_UNUSED_FUNCTION = YES;
				GCC_WARN_UNUSED_VARIABLE = YES;
				IPHONEOS_DEPLOYMENT_TARGET = 12.0;
				MTL_ENABLE_DEBUG_INFO = NO;
				MTL_FAST_MATH = YES;
				SDKROOT = iphoneos;
				SWIFT_COMPILATION_MODE = wholemodule;
				SWIFT_OPTIMIZATION_LEVEL = "-O";
				VALIDATE_PRODUCT = YES;
			};
			name = Release;
		};
		7131115C2174759E00F58BF7 /* Debug */ = {
			isa = XCBuildConfiguration;
			buildSettings = {
				ASSETCATALOG_COMPILER_APPICON_NAME = AppIcon;
				CODE_SIGN_STYLE = Automatic;
				INFOPLIST_FILE = RandomLunch2/Info.plist;
				LD_RUNPATH_SEARCH_PATHS = (
					"$(inherited)",
					"@executable_path/Frameworks",
				);
				PRODUCT_BUNDLE_IDENTIFIER = jp.techacademy.ain13ikon.RandomLunch2;
				PRODUCT_NAME = "$(TARGET_NAME)";
				SWIFT_VERSION = 4.2;
				TARGETED_DEVICE_FAMILY = "1,2";
			};
			name = Debug;
		};
		7131115D2174759E00F58BF7 /* Release */ = {
			isa = XCBuildConfiguration;
			buildSettings = {
				ASSETCATALOG_COMPILER_APPICON_NAME = AppIcon;
				CODE_SIGN_STYLE = Automatic;
				INFOPLIST_FILE = RandomLunch2/Info.plist;
				LD_RUNPATH_SEARCH_PATHS = (
					"$(inherited)",
					"@executable_path/Frameworks",
				);
				PRODUCT_BUNDLE_IDENTIFIER = jp.techacademy.ain13ikon.RandomLunch2;
				PRODUCT_NAME = "$(TARGET_NAME)";
				SWIFT_VERSION = 4.2;
				TARGETED_DEVICE_FAMILY = "1,2";
			};
			name = Release;
		};
/* End XCBuildConfiguration section */

/* Begin XCConfigurationList section */
		713111442174759600F58BF7 /* Build configuration list for PBXProject "RandomLunch2" */ = {
			isa = XCConfigurationList;
			buildConfigurations = (
				713111592174759E00F58BF7 /* Debug */,
				7131115A2174759E00F58BF7 /* Release */,
			);
			defaultConfigurationIsVisible = 0;
			defaultConfigurationName = Release;
		};
		7131115B2174759E00F58BF7 /* Build configuration list for PBXNativeTarget "RandomLunch2" */ = {
			isa = XCConfigurationList;
			buildConfigurations = (
				7131115C2174759E00F58BF7 /* Debug */,
				7131115D2174759E00F58BF7 /* Release */,
			);
			defaultConfigurationIsVisible = 0;
			defaultConfigurationName = Release;
		};
/* End XCConfigurationList section */
	};
	rootObject = 713111412174759600F58BF7 /* Project object */;
}
